
Microsoft Visual Studio Solution File, Format Version 12.00
# Visual Studio Version 17
VisualStudioVersion = 17.11.35312.102
MinimumVisualStudioVersion = 10.0.40219.1
Project("{FAE04EC0-301F-11D3-BF4B-00C04F79EFBC}") = "ShareTaxi.UI", "..\ShareTaxi.ConnectDB\ShareTaxi.ConnectDB\ShareTaxi.UI.csproj", "{5811E177-F610-440A-8B78-739C0C067626}"
EndProject
Project("{2150E333-8FDC-42A3-9474-1A3956D46DE8}") = "presentation", "presentation", "{32DC4BD9-ACF0-47F8-811F-10325A14995D}"
EndProject
Project("{2150E333-8FDC-42A3-9474-1A3956D46DE8}") = "core", "core", "{23AD587F-8B9A-4A0C-877E-1BB77B42D63D}"
EndProject
Project("{FAE04EC0-301F-11D3-BF4B-00C04F79EFBC}") = "ShareTaxi.Management.Domain", "..\ShareTaxi.ConnectDB\ShareTaxi.Management.Domain\ShareTaxi.Management.Domain.csproj", "{AA91E255-6548-4C94-94DA-FBB8868F7A9A}"
EndProject
Project("{2150E333-8FDC-42A3-9474-1A3956D46DE8}") = "Application", "Application", "{4E47D6A1-605D-43C7-ADD4-74B3F949A98E}"
EndProject
Project("{FAE04EC0-301F-11D3-BF4B-00C04F79EFBC}") = "ShareTaxi.Management.Application", "..\ShareTaxi.ConnectDB\ShareTaxi.Management.Application\ShareTaxi.Management.Application.csproj", "{91C7C9B0-833D-4521-A7C8-9D2D15A721C6}"
EndProject
Project("{2150E333-8FDC-42A3-9474-1A3956D46DE8}") = "infrastructure", "infrastructure", "{548B1557-77DC-4B61-80B3-1D2BD955B24E}"
EndProject
Project("{FAE04EC0-301F-11D3-BF4B-00C04F79EFBC}") = "ShareTaxi.Management.Infrastructure", "..\ShareTaxi.ConnectDB\ShareTaxi.Management.Infrastructure\ShareTaxi.Management.Infrastructure.csproj", "{8F9BF87A-75E4-4CAF-BDD3-6BA5AD4A71DF}"
EndProject
Project("{FAE04EC0-301F-11D3-BF4B-00C04F79EFBC}") = "ShareTaxi.Management.Dataaccess", "..\ShareTaxi.ConnectDB\ShareTaxi.Management.Dataaccess\ShareTaxi.Management.Dataaccess.csproj", "{C17E442D-EBE2-4890-8E81-06C4EDCD484A}"
EndProject
Global
	GlobalSection(SolutionConfigurationPlatforms) = preSolution
		Debug|Any CPU = Debug|Any CPU
		Release|Any CPU = Release|Any CPU
	EndGlobalSection
	GlobalSection(ProjectConfigurationPlatforms) = postSolution
		{5811E177-F610-440A-8B78-739C0C067626}.Debug|Any CPU.ActiveCfg = Debug|Any CPU
		{5811E177-F610-440A-8B78-739C0C067626}.Debug|Any CPU.Build.0 = Debug|Any CPU
		{5811E177-F610-440A-8B78-739C0C067626}.Release|Any CPU.ActiveCfg = Release|Any CPU
		{5811E177-F610-440A-8B78-739C0C067626}.Release|Any CPU.Build.0 = Release|Any CPU
		{AA91E255-6548-4C94-94DA-FBB8868F7A9A}.Debug|Any CPU.ActiveCfg = Debug|Any CPU
		{AA91E255-6548-4C94-94DA-FBB8868F7A9A}.Debug|Any CPU.Build.0 = Debug|Any CPU
		{AA91E255-6548-4C94-94DA-FBB8868F7A9A}.Release|Any CPU.ActiveCfg = Release|Any CPU
		{AA91E255-6548-4C94-94DA-FBB8868F7A9A}.Release|Any CPU.Build.0 = Release|Any CPU
		{91C7C9B0-833D-4521-A7C8-9D2D15A721C6}.Debug|Any CPU.ActiveCfg = Debug|Any CPU
		{91C7C9B0-833D-4521-A7C8-9D2D15A721C6}.Debug|Any CPU.Build.0 = Debug|Any CPU
		{91C7C9B0-833D-4521-A7C8-9D2D15A721C6}.Release|Any CPU.ActiveCfg = Release|Any CPU
		{91C7C9B0-833D-4521-A7C8-9D2D15A721C6}.Release|Any CPU.Build.0 = Release|Any CPU
		{8F9BF87A-75E4-4CAF-BDD3-6BA5AD4A71DF}.Debug|Any CPU.ActiveCfg = Debug|Any CPU
		{8F9BF87A-75E4-4CAF-BDD3-6BA5AD4A71DF}.Debug|Any CPU.Build.0 = Debug|Any CPU
		{8F9BF87A-75E4-4CAF-BDD3-6BA5AD4A71DF}.Release|Any CPU.ActiveCfg = Release|Any CPU
		{8F9BF87A-75E4-4CAF-BDD3-6BA5AD4A71DF}.Release|Any CPU.Build.0 = Release|Any CPU
		{C17E442D-EBE2-4890-8E81-06C4EDCD484A}.Debug|Any CPU.ActiveCfg = Debug|Any CPU
		{C17E442D-EBE2-4890-8E81-06C4EDCD484A}.Debug|Any CPU.Build.0 = Debug|Any CPU
		{C17E442D-EBE2-4890-8E81-06C4EDCD484A}.Release|Any CPU.ActiveCfg = Release|Any CPU
		{C17E442D-EBE2-4890-8E81-06C4EDCD484A}.Release|Any CPU.Build.0 = Release|Any CPU
	EndGlobalSection
	GlobalSection(SolutionProperties) = preSolution
		HideSolutionNode = FALSE
	EndGlobalSection
	GlobalSection(NestedProjects) = preSolution
		{5811E177-F610-440A-8B78-739C0C067626} = {32DC4BD9-ACF0-47F8-811F-10325A14995D}
		{AA91E255-6548-4C94-94DA-FBB8868F7A9A} = {23AD587F-8B9A-4A0C-877E-1BB77B42D63D}
		{91C7C9B0-833D-4521-A7C8-9D2D15A721C6} = {4E47D6A1-605D-43C7-ADD4-74B3F949A98E}
		{8F9BF87A-75E4-4CAF-BDD3-6BA5AD4A71DF} = {548B1557-77DC-4B61-80B3-1D2BD955B24E}
		{C17E442D-EBE2-4890-8E81-06C4EDCD484A} = {548B1557-77DC-4B61-80B3-1D2BD955B24E}
	EndGlobalSection
	GlobalSection(ExtensibilityGlobals) = postSolution
		SolutionGuid = {20BC246C-028C-40AD-88AC-B2FABB010954}
	EndGlobalSection
EndGlobal
